
Microsoft Visual Studio Solution File, Format Version 12.00
# Visual Studio Version 16
VisualStudioVersion = 16.0.31321.278
MinimumVisualStudioVersion = 10.0.40219.1
Project("{FAE04EC0-301F-11D3-BF4B-00C04F79EFBC}") = "NumerosRomanos.ConsoleApp", "NumerosRomanos.ConsoleApp\NumerosRomanos.ConsoleApp.csproj", "{AA65EB22-812A-46F9-8635-70EE5703A770}"
EndProject
Project("{9A19103F-16F7-4668-BE54-9A1E7A4F7556}") = "TestesRomanoParaArabicos", "Testes\TestesRomanoParaArabicos.csproj", "{06BA5595-CC0F-464F-80DA-DFA7ADF38D59}"
EndProject
Project("{FAE04EC0-301F-11D3-BF4B-00C04F79EFBC}") = "TesteArabicosParaRomanos", "TesteArabicosParaRomanos\TesteArabicosParaRomanos.csproj", "{FD032369-FDD6-4E32-B0ED-5DEE5B957BC9}"
EndProject
Global
	GlobalSection(SolutionConfigurationPlatforms) = preSolution
		Debug|Any CPU = Debug|Any CPU
		Release|Any CPU = Release|Any CPU
	EndGlobalSection
	GlobalSection(ProjectConfigurationPlatforms) = postSolution
		{AA65EB22-812A-46F9-8635-70EE5703A770}.Debug|Any CPU.ActiveCfg = Debug|Any CPU
		{AA65EB22-812A-46F9-8635-70EE5703A770}.Debug|Any CPU.Build.0 = Debug|Any CPU
		{AA65EB22-812A-46F9-8635-70EE5703A770}.Release|Any CPU.ActiveCfg = Release|Any CPU
		{AA65EB22-812A-46F9-8635-70EE5703A770}.Release|Any CPU.Build.0 = Release|Any CPU
		{06BA5595-CC0F-464F-80DA-DFA7ADF38D59}.Debug|Any CPU.ActiveCfg = Debug|Any CPU
		{06BA5595-CC0F-464F-80DA-DFA7ADF38D59}.Debug|Any CPU.Build.0 = Debug|Any CPU
		{06BA5595-CC0F-464F-80DA-DFA7ADF38D59}.Release|Any CPU.ActiveCfg = Release|Any CPU
		{06BA5595-CC0F-464F-80DA-DFA7ADF38D59}.Release|Any CPU.Build.0 = Release|Any CPU
		{FD032369-FDD6-4E32-B0ED-5DEE5B957BC9}.Debug|Any CPU.ActiveCfg = Debug|Any CPU
		{FD032369-FDD6-4E32-B0ED-5DEE5B957BC9}.Debug|Any CPU.Build.0 = Debug|Any CPU
		{FD032369-FDD6-4E32-B0ED-5DEE5B957BC9}.Release|Any CPU.ActiveCfg = Release|Any CPU
		{FD032369-FDD6-4E32-B0ED-5DEE5B957BC9}.Release|Any CPU.Build.0 = Release|Any CPU
	EndGlobalSection
	GlobalSection(SolutionProperties) = preSolution
		HideSolutionNode = FALSE
	EndGlobalSection
	GlobalSection(ExtensibilityGlobals) = postSolution
		SolutionGuid = {02F5B569-8C19-4FB9-9958-3ED6A315F16F}
	EndGlobalSection
EndGlobal
